
Microsoft Visual Studio Solution File, Format Version 12.00
# Visual Studio Version 17
VisualStudioVersion = 17.3.32825.248
MinimumVisualStudioVersion = 10.0.40219.1
Project("{FAE04EC0-301F-11D3-BF4B-00C04F79EFBC}") = "Topic 2 Pt 2 Monogame", "Topic 2 Pt 2 Monogame\Topic 2 Pt 2 Monogame.csproj", "{BB2723AC-BFA1-4BA1-BCAC-B1FF6E213480}"
EndProject
Global
	GlobalSection(SolutionConfigurationPlatforms) = preSolution
		Debug|Any CPU = Debug|Any CPU
		Release|Any CPU = Release|Any CPU
	EndGlobalSection
	GlobalSection(ProjectConfigurationPlatforms) = postSolution
		{BB2723AC-BFA1-4BA1-BCAC-B1FF6E213480}.Debug|Any CPU.ActiveCfg = Debug|Any CPU
		{BB2723AC-BFA1-4BA1-BCAC-B1FF6E213480}.Debug|Any CPU.Build.0 = Debug|Any CPU
		{BB2723AC-BFA1-4BA1-BCAC-B1FF6E213480}.Release|Any CPU.ActiveCfg = Release|Any CPU
		{BB2723AC-BFA1-4BA1-BCAC-B1FF6E213480}.Release|Any CPU.Build.0 = Release|Any CPU
	EndGlobalSection
	GlobalSection(SolutionProperties) = preSolution
		HideSolutionNode = FALSE
	EndGlobalSection
	GlobalSection(ExtensibilityGlobals) = postSolution
		SolutionGuid = {BC9957AD-3708-4EDB-9E5C-3AE33D66B2B8}
	EndGlobalSection
EndGlobal
